
Microsoft Visual Studio Solution File, Format Version 12.00
# Visual Studio Version 17
VisualStudioVersion = 17.5.002.0
MinimumVisualStudioVersion = 10.0.40219.1
Project("{9A19103F-16F7-4668-BE54-9A1E7A4F7556}") = "VShop.Web", "VShop.Web.csproj", "{485FCD67-429D-46E3-81F6-A43F1B131327}"
EndProject
Global
	GlobalSection(SolutionConfigurationPlatforms) = preSolution
		Debug|Any CPU = Debug|Any CPU
		Release|Any CPU = Release|Any CPU
	EndGlobalSection
	GlobalSection(ProjectConfigurationPlatforms) = postSolution
		{485FCD67-429D-46E3-81F6-A43F1B131327}.Debug|Any CPU.ActiveCfg = Debug|Any CPU
		{485FCD67-429D-46E3-81F6-A43F1B131327}.Debug|Any CPU.Build.0 = Debug|Any CPU
		{485FCD67-429D-46E3-81F6-A43F1B131327}.Release|Any CPU.ActiveCfg = Release|Any CPU
		{485FCD67-429D-46E3-81F6-A43F1B131327}.Release|Any CPU.Build.0 = Release|Any CPU
	EndGlobalSection
	GlobalSection(SolutionProperties) = preSolution
		HideSolutionNode = FALSE
	EndGlobalSection
	GlobalSection(ExtensibilityGlobals) = postSolution
		SolutionGuid = {A8ADB241-0142-4FB1-820C-3325C9F12C9B}
	EndGlobalSection
EndGlobal
